{
  "name": "findImage",
  "version": "1.0.0",
  "lockfileVersion": 1,
  "requires": true,
  "dependencies": {
    "define-lazy-prop": {
      "version": "2.0.0",
      "resolved": "https://registry.nlark.com/define-lazy-prop/download/define-lazy-prop-2.0.0.tgz",
      "integrity": "sha1-P3rkIRKbyqrJvHSQXJigAJ7J7n8="
    },
    "is-docker": {
      "version": "2.2.1",
      "resolved": "https://registry.nlark.com/is-docker/download/is-docker-2.2.1.tgz?cache=0&sync_timestamp=1630451108035&other_urls=https%3A%2F%2Fregistry.nlark.com%2Fis-docker%2Fdownload%2Fis-docker-2.2.1.tgz",
      "integrity": "sha1-M+6r4jz+hvFL3kQIoCwM+4U6zao="
    },
    "is-wsl": {
      "version": "2.2.0",
      "resolved": "https://registry.nlark.com/is-wsl/download/is-wsl-2.2.0.tgz",
      "integrity": "sha1-dKTHbnfKn9P5MvKQwX6jJs0VcnE=",
      "requires": {
        "is-docker": "^2.0.0"
      }
    },
    "open": {
      "version": "8.4.0",
      "resolved": "https://registry.npmmirror.com/open/download/open-8.4.0.tgz",
      "integrity": "sha1-NFMhrhj4E4+CVlqRD9xrOejCRPg=",
      "requires": {
        "define-lazy-prop": "^2.0.0",
        "is-docker": "^2.1.1",
        "is-wsl": "^2.2.0"
      }
    }
  }
}
